
Microsoft Visual Studio Solution File, Format Version 12.00
# Visual Studio Version 17
VisualStudioVersion = 17.14.36109.1
MinimumVisualStudioVersion = 10.0.40219.1
Project("{2150E333-8FDC-42A3-9474-1A3956D46DE8}") = "ソリューション項目", "ソリューション項目", "{2022CB0F-8BAF-F49E-0C48-8EF4C96EC109}"
	ProjectSection(SolutionItems) = preProject
		.editorconfig = .editorconfig
	EndProjectSection
EndProject
Project("{8BC9CEB8-8B4A-11D0-8D11-00A0C91BC942}") = "00-01", "00-01\00-01.vcxproj", "{689689D3-157F-45D7-8C19-A81512D85F51}"
EndProject
Project("{8BC9CEB8-8B4A-11D0-8D11-00A0C91BC942}") = "01-01", "01-01\01-01.vcxproj", "{788851DA-A096-4674-B58D-AE8CBA928684}"
EndProject
Project("{8BC9CEB8-8B4A-11D0-8D11-00A0C91BC942}") = "01-02", "01-02\01-02.vcxproj", "{3DC5ECE6-8C32-420D-8575-3D34F06F76B1}"
EndProject
Project("{8BC9CEB8-8B4A-11D0-8D11-00A0C91BC942}") = "02-01", "02-01\02-01.vcxproj", "{C3157943-C7F6-4B31-9EFD-8EC08B527EC0}"
EndProject
Project("{8BC9CEB8-8B4A-11D0-8D11-00A0C91BC942}") = "02-02", "02-02\02-02.vcxproj", "{89F488B9-76FE-4941-9C35-89D902340600}"
EndProject
Project("{8BC9CEB8-8B4A-11D0-8D11-00A0C91BC942}") = "02-04", "02-04\02-04.vcxproj", "{76743373-02F8-47E3-845F-FB6E14902CBD}"
EndProject
Project("{8BC9CEB8-8B4A-11D0-8D11-00A0C91BC942}") = "02-03", "02-03\02-03.vcxproj", "{C381E471-F490-4979-A50C-693BCF3710F2}"
EndProject
Global
	GlobalSection(SolutionConfigurationPlatforms) = preSolution
		Debug|x64 = Debug|x64
		Debug|x86 = Debug|x86
		Release|x64 = Release|x64
		Release|x86 = Release|x86
	EndGlobalSection
	GlobalSection(ProjectConfigurationPlatforms) = postSolution
		{689689D3-157F-45D7-8C19-A81512D85F51}.Debug|x64.ActiveCfg = Debug|x64
		{689689D3-157F-45D7-8C19-A81512D85F51}.Debug|x64.Build.0 = Debug|x64
		{689689D3-157F-45D7-8C19-A81512D85F51}.Debug|x86.ActiveCfg = Debug|Win32
		{689689D3-157F-45D7-8C19-A81512D85F51}.Debug|x86.Build.0 = Debug|Win32
		{689689D3-157F-45D7-8C19-A81512D85F51}.Release|x64.ActiveCfg = Release|x64
		{689689D3-157F-45D7-8C19-A81512D85F51}.Release|x64.Build.0 = Release|x64
		{689689D3-157F-45D7-8C19-A81512D85F51}.Release|x86.ActiveCfg = Release|Win32
		{689689D3-157F-45D7-8C19-A81512D85F51}.Release|x86.Build.0 = Release|Win32
		{788851DA-A096-4674-B58D-AE8CBA928684}.Debug|x64.ActiveCfg = Debug|x64
		{788851DA-A096-4674-B58D-AE8CBA928684}.Debug|x64.Build.0 = Debug|x64
		{788851DA-A096-4674-B58D-AE8CBA928684}.Debug|x86.ActiveCfg = Debug|Win32
		{788851DA-A096-4674-B58D-AE8CBA928684}.Debug|x86.Build.0 = Debug|Win32
		{788851DA-A096-4674-B58D-AE8CBA928684}.Release|x64.ActiveCfg = Release|x64
		{788851DA-A096-4674-B58D-AE8CBA928684}.Release|x64.Build.0 = Release|x64
		{788851DA-A096-4674-B58D-AE8CBA928684}.Release|x86.ActiveCfg = Release|Win32
		{788851DA-A096-4674-B58D-AE8CBA928684}.Release|x86.Build.0 = Release|Win32
		{3DC5ECE6-8C32-420D-8575-3D34F06F76B1}.Debug|x64.ActiveCfg = Debug|x64
		{3DC5ECE6-8C32-420D-8575-3D34F06F76B1}.Debug|x64.Build.0 = Debug|x64
		{3DC5ECE6-8C32-420D-8575-3D34F06F76B1}.Debug|x86.ActiveCfg = Debug|Win32
		{3DC5ECE6-8C32-420D-8575-3D34F06F76B1}.Debug|x86.Build.0 = Debug|Win32
		{3DC5ECE6-8C32-420D-8575-3D34F06F76B1}.Release|x64.ActiveCfg = Release|x64
		{3DC5ECE6-8C32-420D-8575-3D34F06F76B1}.Release|x64.Build.0 = Release|x64
		{3DC5ECE6-8C32-420D-8575-3D34F06F76B1}.Release|x86.ActiveCfg = Release|Win32
		{3DC5ECE6-8C32-420D-8575-3D34F06F76B1}.Release|x86.Build.0 = Release|Win32
		{C3157943-C7F6-4B31-9EFD-8EC08B527EC0}.Debug|x64.ActiveCfg = Debug|x64
		{C3157943-C7F6-4B31-9EFD-8EC08B527EC0}.Debug|x64.Build.0 = Debug|x64
		{C3157943-C7F6-4B31-9EFD-8EC08B527EC0}.Debug|x86.ActiveCfg = Debug|Win32
		{C3157943-C7F6-4B31-9EFD-8EC08B527EC0}.Debug|x86.Build.0 = Debug|Win32
		{C3157943-C7F6-4B31-9EFD-8EC08B527EC0}.Release|x64.ActiveCfg = Release|x64
		{C3157943-C7F6-4B31-9EFD-8EC08B527EC0}.Release|x64.Build.0 = Release|x64
		{C3157943-C7F6-4B31-9EFD-8EC08B527EC0}.Release|x86.ActiveCfg = Release|Win32
		{C3157943-C7F6-4B31-9EFD-8EC08B527EC0}.Release|x86.Build.0 = Release|Win32
		{89F488B9-76FE-4941-9C35-89D902340600}.Debug|x64.ActiveCfg = Debug|x64
		{89F488B9-76FE-4941-9C35-89D902340600}.Debug|x64.Build.0 = Debug|x64
		{89F488B9-76FE-4941-9C35-89D902340600}.Debug|x86.ActiveCfg = Debug|Win32
		{89F488B9-76FE-4941-9C35-89D902340600}.Debug|x86.Build.0 = Debug|Win32
		{89F488B9-76FE-4941-9C35-89D902340600}.Release|x64.ActiveCfg = Release|x64
		{89F488B9-76FE-4941-9C35-89D902340600}.Release|x64.Build.0 = Release|x64
		{89F488B9-76FE-4941-9C35-89D902340600}.Release|x86.ActiveCfg = Release|Win32
		{89F488B9-76FE-4941-9C35-89D902340600}.Release|x86.Build.0 = Release|Win32
		{76743373-02F8-47E3-845F-FB6E14902CBD}.Debug|x64.ActiveCfg = Debug|x64
		{76743373-02F8-47E3-845F-FB6E14902CBD}.Debug|x64.Build.0 = Debug|x64
		{76743373-02F8-47E3-845F-FB6E14902CBD}.Debug|x86.ActiveCfg = Debug|Win32
		{76743373-02F8-47E3-845F-FB6E14902CBD}.Debug|x86.Build.0 = Debug|Win32
		{76743373-02F8-47E3-845F-FB6E14902CBD}.Release|x64.ActiveCfg = Release|x64
		{76743373-02F8-47E3-845F-FB6E14902CBD}.Release|x64.Build.0 = Release|x64
		{76743373-02F8-47E3-845F-FB6E14902CBD}.Release|x86.ActiveCfg = Release|Win32
		{76743373-02F8-47E3-845F-FB6E14902CBD}.Release|x86.Build.0 = Release|Win32
		{C381E471-F490-4979-A50C-693BCF3710F2}.Debug|x64.ActiveCfg = Debug|x64
		{C381E471-F490-4979-A50C-693BCF3710F2}.Debug|x64.Build.0 = Debug|x64
		{C381E471-F490-4979-A50C-693BCF3710F2}.Debug|x86.ActiveCfg = Debug|Win32
		{C381E471-F490-4979-A50C-693BCF3710F2}.Debug|x86.Build.0 = Debug|Win32
		{C381E471-F490-4979-A50C-693BCF3710F2}.Release|x64.ActiveCfg = Release|x64
		{C381E471-F490-4979-A50C-693BCF3710F2}.Release|x64.Build.0 = Release|x64
		{C381E471-F490-4979-A50C-693BCF3710F2}.Release|x86.ActiveCfg = Release|Win32
		{C381E471-F490-4979-A50C-693BCF3710F2}.Release|x86.Build.0 = Release|Win32
	EndGlobalSection
	GlobalSection(SolutionProperties) = preSolution
		HideSolutionNode = FALSE
	EndGlobalSection
	GlobalSection(ExtensibilityGlobals) = postSolution
		SolutionGuid = {47885777-AECF-4C2F-8222-33A065CF4B02}
	EndGlobalSection
EndGlobal
